// !$*UTF8*$!
{
	archiveVersion = 1;
	classes = {
	};
	objectVersion = 46;
	objects = {

/* Begin PBXBuildFile section */
		32920D8C1C23427500AE7EC4 /* APJSONMapping.h in Headers */ = {isa = PBXBuildFile; fileRef = 32920D8B1C23427500AE7EC4 /* APJSONMapping.h */; settings = {ATTRIBUTES = (Public, ); }; };
		32920D931C23427500AE7EC4 /* APJSONMapping.framework in Frameworks */ = {isa = PBXBuildFile; fileRef = 32920D881C23427500AE7EC4 /* APJSONMapping.framework */; };
		32920DA41C23428F00AE7EC4 /* NSObject+APJSONMapping.h in Headers */ = {isa = PBXBuildFile; fileRef = 32920DA21C23428F00AE7EC4 /* NSObject+APJSONMapping.h */; settings = {ATTRIBUTES = (Public, ); }; };
		32920DA51C23428F00AE7EC4 /* NSObject+APJSONMapping.m in Sources */ = {isa = PBXBuildFile; fileRef = 32920DA31C23428F00AE7EC4 /* NSObject+APJSONMapping.m */; };
		32920DAE1C23437500AE7EC4 /* APTestClass.m in Sources */ = {isa = PBXBuildFile; fileRef = 32920DA81C23437500AE7EC4 /* APTestClass.m */; };
		32920DAF1C23437500AE7EC4 /* APTestRelatedClass.m in Sources */ = {isa = PBXBuildFile; fileRef = 32920DAA1C23437500AE7EC4 /* APTestRelatedClass.m */; };
		32920DB01C23437500AE7EC4 /* APTestSubclass.m in Sources */ = {isa = PBXBuildFile; fileRef = 32920DAC1C23437500AE7EC4 /* APTestSubclass.m */; };
		32920DB31C23556900AE7EC4 /* APJSONMappingTests.m in Sources */ = {isa = PBXBuildFile; fileRef = 32920D971C23427500AE7EC4 /* APJSONMappingTests.m */; };
/* End PBXBuildFile section */

/* Begin PBXContainerItemProxy section */
		32920D941C23427500AE7EC4 /* PBXContainerItemProxy */ = {
			isa = PBXContainerItemProxy;
			containerPortal = 32920D7F1C23427500AE7EC4 /* Project object */;
			proxyType = 1;
			remoteGlobalIDString = 32920D871C23427500AE7EC4;
			remoteInfo = APJSONMapping;
		};
/* End PBXContainerItemProxy section */

/* Begin PBXFileReference section */
		32920D881C23427500AE7EC4 /* APJSONMapping.framework */ = {isa = PBXFileReference; explicitFileType = wrapper.framework; includeInIndex = 0; path = APJSONMapping.framework; sourceTree = BUILT_PRODUCTS_DIR; };
		32920D8B1C23427500AE7EC4 /* APJSONMapping.h */ = {isa = PBXFileReference; lastKnownFileType = sourcecode.c.h; path = APJSONMapping.h; sourceTree = "<group>"; };
		32920D8D1C23427500AE7EC4 /* Info.plist */ = {isa = PBXFileReference; lastKnownFileType = text.plist.xml; path = Info.plist; sourceTree = "<group>"; };
		32920D921C23427500AE7EC4 /* APJSONMappingTests.xctest */ = {isa = PBXFileReference; explicitFileType = wrapper.cfbundle; includeInIndex = 0; path = APJSONMappingTests.xctest; sourceTree = BUILT_PRODUCTS_DIR; };
		32920D971C23427500AE7EC4 /* APJSONMappingTests.m */ = {isa = PBXFileReference; lastKnownFileType = sourcecode.c.objc; path = APJSONMappingTests.m; sourceTree = "<group>"; };
		32920D991C23427500AE7EC4 /* Info.plist */ = {isa = PBXFileReference; lastKnownFileType = text.plist.xml; path = Info.plist; sourceTree = "<group>"; };
		32920DA21C23428F00AE7EC4 /* NSObject+APJSONMapping.h */ = {isa = PBXFileReference; fileEncoding = 4; lastKnownFileType = sourcecode.c.h; path = "NSObject+APJSONMapping.h"; sourceTree = "<group>"; };
		32920DA31C23428F00AE7EC4 /* NSObject+APJSONMapping.m */ = {isa = PBXFileReference; fileEncoding = 4; lastKnownFileType = sourcecode.c.objc; path = "NSObject+APJSONMapping.m"; sourceTree = "<group>"; };
		32920DA71C23437500AE7EC4 /* APTestClass.h */ = {isa = PBXFileReference; fileEncoding = 4; lastKnownFileType = sourcecode.c.h; path = APTestClass.h; sourceTree = "<group>"; };
		32920DA81C23437500AE7EC4 /* APTestClass.m */ = {isa = PBXFileReference; fileEncoding = 4; lastKnownFileType = sourcecode.c.objc; path = APTestClass.m; sourceTree = "<group>"; };
		32920DA91C23437500AE7EC4 /* APTestRelatedClass.h */ = {isa = PBXFileReference; fileEncoding = 4; lastKnownFileType = sourcecode.c.h; path = APTestRelatedClass.h; sourceTree = "<group>"; };
		32920DAA1C23437500AE7EC4 /* APTestRelatedClass.m */ = {isa = PBXFileReference; fileEncoding = 4; lastKnownFileType = sourcecode.c.objc; path = APTestRelatedClass.m; sourceTree = "<group>"; };
		32920DAB1C23437500AE7EC4 /* APTestSubclass.h */ = {isa = PBXFileReference; fileEncoding = 4; lastKnownFileType = sourcecode.c.h; path = APTestSubclass.h; sourceTree = "<group>"; };
		32920DAC1C23437500AE7EC4 /* APTestSubclass.m */ = {isa = PBXFileReference; fileEncoding = 4; lastKnownFileType = sourcecode.c.objc; path = APTestSubclass.m; sourceTree = "<group>"; };
/* End PBXFileReference section */

/* Begin PBXFrameworksBuildPhase section */
		32920D841C23427500AE7EC4 /* Frameworks */ = {
			isa = PBXFrameworksBuildPhase;
			buildActionMask = 2147483647;
			files = (
			);
			runOnlyForDeploymentPostprocessing = 0;
		};
		32920D8F1C23427500AE7EC4 /* Frameworks */ = {
			isa = PBXFrameworksBuildPhase;
			buildActionMask = 2147483647;
			files = (
				32920D931C23427500AE7EC4 /* APJSONMapping.framework in Frameworks */,
			);
			runOnlyForDeploymentPostprocessing = 0;
		};
/* End PBXFrameworksBuildPhase section */

/* Begin PBXGroup section */
		32920D7E1C23427500AE7EC4 = {
			isa = PBXGroup;
			children = (
				32920D8A1C23427500AE7EC4 /* APJSONMapping */,
				32920D961C23427500AE7EC4 /* APJSONMappingTests */,
				32920D891C23427500AE7EC4 /* Products */,
			);
			sourceTree = "<group>";
		};
		32920D891C23427500AE7EC4 /* Products */ = {
			isa = PBXGroup;
			children = (
				32920D881C23427500AE7EC4 /* APJSONMapping.framework */,
				32920D921C23427500AE7EC4 /* APJSONMappingTests.xctest */,
			);
			name = Products;
			sourceTree = "<group>";
		};
		32920D8A1C23427500AE7EC4 /* APJSONMapping */ = {
			isa = PBXGroup;
			children = (
				32920D8B1C23427500AE7EC4 /* APJSONMapping.h */,
				32920D8D1C23427500AE7EC4 /* Info.plist */,
				32920DA21C23428F00AE7EC4 /* NSObject+APJSONMapping.h */,
				32920DA31C23428F00AE7EC4 /* NSObject+APJSONMapping.m */,
			);
			path = APJSONMapping;
			sourceTree = "<group>";
		};
		32920D961C23427500AE7EC4 /* APJSONMappingTests */ = {
			isa = PBXGroup;
			children = (
				32920D971C23427500AE7EC4 /* APJSONMappingTests.m */,
				32920DB11C23439F00AE7EC4 /* Test classes */,
				32920D991C23427500AE7EC4 /* Info.plist */,
			);
			path = APJSONMappingTests;
			sourceTree = "<group>";
		};
		32920DB11C23439F00AE7EC4 /* Test classes */ = {
			isa = PBXGroup;
			children = (
				32920DA71C23437500AE7EC4 /* APTestClass.h */,
				32920DA81C23437500AE7EC4 /* APTestClass.m */,
				32920DA91C23437500AE7EC4 /* APTestRelatedClass.h */,
				32920DAA1C23437500AE7EC4 /* APTestRelatedClass.m */,
				32920DAB1C23437500AE7EC4 /* APTestSubclass.h */,
				32920DAC1C23437500AE7EC4 /* APTestSubclass.m */,
			);
			name = "Test classes";
			sourceTree = "<group>";
		};
/* End PBXGroup section */

/* Begin PBXHeadersBuildPhase section */
		32920D851C23427500AE7EC4 /* Headers */ = {
			isa = PBXHeadersBuildPhase;
			buildActionMask = 2147483647;
			files = (
				32920DA41C23428F00AE7EC4 /* NSObject+APJSONMapping.h in Headers */,
				32920D8C1C23427500AE7EC4 /* APJSONMapping.h in Headers */,
			);
			runOnlyForDeploymentPostprocessing = 0;
		};
/* End PBXHeadersBuildPhase section */

/* Begin PBXNativeTarget section */
		32920D871C23427500AE7EC4 /* APJSONMapping */ = {
			isa = PBXNativeTarget;
			buildConfigurationList = 32920D9C1C23427500AE7EC4 /* Build configuration list for PBXNativeTarget "APJSONMapping" */;
			buildPhases = (
				32920D831C23427500AE7EC4 /* Sources */,
				32920D841C23427500AE7EC4 /* Frameworks */,
				32920D851C23427500AE7EC4 /* Headers */,
				32920D861C23427500AE7EC4 /* Resources */,
			);
			buildRules = (
			);
			dependencies = (
			);
			name = APJSONMapping;
			productName = APJSONMapping;
			productReference = 32920D881C23427500AE7EC4 /* APJSONMapping.framework */;
			productType = "com.apple.product-type.framework";
		};
		32920D911C23427500AE7EC4 /* APJSONMappingTests */ = {
			isa = PBXNativeTarget;
			buildConfigurationList = 32920D9F1C23427500AE7EC4 /* Build configuration list for PBXNativeTarget "APJSONMappingTests" */;
			buildPhases = (
				32920D8E1C23427500AE7EC4 /* Sources */,
				32920D8F1C23427500AE7EC4 /* Frameworks */,
				32920D901C23427500AE7EC4 /* Resources */,
			);
			buildRules = (
			);
			dependencies = (
				32920D951C23427500AE7EC4 /* PBXTargetDependency */,
			);
			name = APJSONMappingTests;
			productName = APJSONMappingTests;
			productReference = 32920D921C23427500AE7EC4 /* APJSONMappingTests.xctest */;
			productType = "com.apple.product-type.bundle.unit-test";
		};
/* End PBXNativeTarget section */

/* Begin PBXProject section */
		32920D7F1C23427500AE7EC4 /* Project object */ = {
			isa = PBXProject;
			attributes = {
				LastUpgradeCheck = 0720;
				ORGANIZATIONNAME = "Alexander Perechnev";
				TargetAttributes = {
					32920D871C23427500AE7EC4 = {
						CreatedOnToolsVersion = 7.2;
						DevelopmentTeam = WP3BEF89Y2;
					};
					32920D911C23427500AE7EC4 = {
						CreatedOnToolsVersion = 7.2;
					};
				};
			};
			buildConfigurationList = 32920D821C23427500AE7EC4 /* Build configuration list for PBXProject "APJSONMapping" */;
			compatibilityVersion = "Xcode 3.2";
			developmentRegion = English;
			hasScannedForEncodings = 0;
			knownRegions = (
				en,
			);
			mainGroup = 32920D7E1C23427500AE7EC4;
			productRefGroup = 32920D891C23427500AE7EC4 /* Products */;
			projectDirPath = "";
			projectRoot = "";
			targets = (
				32920D871C23427500AE7EC4 /* APJSONMapping */,
				32920D911C23427500AE7EC4 /* APJSONMappingTests */,
			);
		};
/* End PBXProject section */

/* Begin PBXResourcesBuildPhase section */
		32920D861C23427500AE7EC4 /* Resources */ = {
			isa = PBXResourcesBuildPhase;
			buildActionMask = 2147483647;
			files = (
			);
			runOnlyForDeploymentPostprocessing = 0;
		};
		32920D901C23427500AE7EC4 /* Resources */ = {
			isa = PBXResourcesBuildPhase;
			buildActionMask = 2147483647;
			files = (
			);
			runOnlyForDeploymentPostprocessing = 0;
		};
/* End PBXResourcesBuildPhase section */

/* Begin PBXSourcesBuildPhase section */
		32920D831C23427500AE7EC4 /* Sources */ = {
			isa = PBXSourcesBuildPhase;
			buildActionMask = 2147483647;
			files = (
				32920DA51C23428F00AE7EC4 /* NSObject+APJSONMapping.m in Sources */,
			);
			runOnlyForDeploymentPostprocessing = 0;
		};
		32920D8E1C23427500AE7EC4 /* Sources */ = {
			isa = PBXSourcesBuildPhase;
			buildActionMask = 2147483647;
			files = (
				32920DAE1C23437500AE7EC4 /* APTestClass.m in Sources */,
				32920DB31C23556900AE7EC4 /* APJSONMappingTests.m in Sources */,
				32920DB01C23437500AE7EC4 /* APTestSubclass.m in Sources */,
				32920DAF1C23437500AE7EC4 /* APTestRelatedClass.m in Sources */,
			);
			runOnlyForDeploymentPostprocessing = 0;
		};
/* End PBXSourcesBuildPhase section */

/* Begin PBXTargetDependency section */
		32920D951C23427500AE7EC4 /* PBXTargetDependency */ = {
			isa = PBXTargetDependency;
			target = 32920D871C23427500AE7EC4 /* APJSONMapping */;
			targetProxy = 32920D941C23427500AE7EC4 /* PBXContainerItemProxy */;
		};
/* End PBXTargetDependency section */

/* Begin XCBuildConfiguration section */
		32920D9A1C23427500AE7EC4 /* Debug */ = {
			isa = XCBuildConfiguration;
			buildSettings = {
				ALWAYS_SEARCH_USER_PATHS = NO;
				CLANG_CXX_LANGUAGE_STANDARD = "gnu++0x";
				CLANG_CXX_LIBRARY = "libc++";
				CLANG_ENABLE_MODULES = YES;
				CLANG_ENABLE_OBJC_ARC = YES;
				CLANG_WARN_BOOL_CONVERSION = YES;
				CLANG_WARN_CONSTANT_CONVERSION = YES;
				CLANG_WARN_DIRECT_OBJC_ISA_USAGE = YES_ERROR;
				CLANG_WARN_EMPTY_BODY = YES;
				CLANG_WARN_ENUM_CONVERSION = YES;
				CLANG_WARN_INT_CONVERSION = YES;
				CLANG_WARN_OBJC_ROOT_CLASS = YES_ERROR;
				CLANG_WARN_UNREACHABLE_CODE = YES;
				CLANG_WARN__DUPLICATE_METHOD_MATCH = YES;
				"CODE_SIGN_IDENTITY[sdk=iphoneos*]" = "iPhone Developer";
				COPY_PHASE_STRIP = NO;
				CURRENT_PROJECT_VERSION = 1;
				DEBUG_INFORMATION_FORMAT = dwarf;
				ENABLE_STRICT_OBJC_MSGSEND = YES;
				ENABLE_TESTABILITY = YES;
				GCC_C_LANGUAGE_STANDARD = gnu99;
				GCC_DYNAMIC_NO_PIC = NO;
				GCC_NO_COMMON_BLOCKS = YES;
				GCC_OPTIMIZATION_LEVEL = 0;
				GCC_PREPROCESSOR_DEFINITIONS = (
					"DEBUG=1",
					"$(inherited)",
				);
				GCC_WARN_64_TO_32_BIT_CONVERSION = YES;
				GCC_WARN_ABOUT_RETURN_TYPE = YES_ERROR;
				GCC_WARN_UNDECLARED_SELECTOR = YES;
				GCC_WARN_UNINITIALIZED_AUTOS = YES_AGGRESSIVE;
				GCC_WARN_UNUSED_FUNCTION = YES;
				GCC_WARN_UNUSED_VARIABLE = YES;
				IPHONEOS_DEPLOYMENT_TARGET = 7.0;
				MTL_ENABLE_DEBUG_INFO = YES;
				ONLY_ACTIVE_ARCH = YES;
				SDKROOT = iphoneos;
				TARGETED_DEVICE_FAMILY = "1,2";
				VERSIONING_SYSTEM = "apple-generic";
				VERSION_INFO_PREFIX = "";
			};
			name = Debug;
		};
		32920D9B1C23427500AE7EC4 /* Release */ = {
			isa = XCBuildConfiguration;
			buildSettings = {
				ALWAYS_SEARCH_USER_PATHS = NO;
				CLANG_CXX_LANGUAGE_STANDARD = "gnu++0x";
				CLANG_CXX_LIBRARY = "libc++";
				CLANG_ENABLE_MODULES = YES;
				CLANG_ENABLE_OBJC_ARC = YES;
				CLANG_WARN_BOOL_CONVERSION = YES;
				CLANG_WARN_CONSTANT_CONVERSION = YES;
				CLANG_WARN_DIRECT_OBJC_ISA_USAGE = YES_ERROR;
				CLANG_WARN_EMPTY_BODY = YES;
				CLANG_WARN_ENUM_CONVERSION = YES;
				CLANG_WARN_INT_CONVERSION = YES;
				CLANG_WARN_OBJC_ROOT_CLASS = YES_ERROR;
				CLANG_WARN_UNREACHABLE_CODE = YES;
				CLANG_WARN__DUPLICATE_METHOD_MATCH = YES;
				"CODE_SIGN_IDENTITY[sdk=iphoneos*]" = "iPhone Developer";
				COPY_PHASE_STRIP = NO;
				CURRENT_PROJECT_VERSION = 1;
				DEBUG_INFORMATION_FORMAT = "dwarf-with-dsym";
				ENABLE_NS_ASSERTIONS = NO;
				ENABLE_STRICT_OBJC_MSGSEND = YES;
				GCC_C_LANGUAGE_STANDARD = gnu99;
				GCC_NO_COMMON_BLOCKS = YES;
				GCC_WARN_64_TO_32_BIT_CONVERSION = YES;
				GCC_WARN_ABOUT_RETURN_TYPE = YES_ERROR;
				GCC_WARN_UNDECLARED_SELECTOR = YES;
				GCC_WARN_UNINITIALIZED_AUTOS = YES_AGGRESSIVE;
				GCC_WARN_UNUSED_FUNCTION = YES;
				GCC_WARN_UNUSED_VARIABLE = YES;
				IPHONEOS_DEPLOYMENT_TARGET = 7.0;
				MTL_ENABLE_DEBUG_INFO = NO;
				SDKROOT = iphoneos;
				TARGETED_DEVICE_FAMILY = "1,2";
				VALIDATE_PRODUCT = YES;
				VERSIONING_SYSTEM = "apple-generic";
				VERSION_INFO_PREFIX = "";
			};
			name = Release;
		};
		32920D9D1C23427500AE7EC4 /* Debug */ = {
			isa = XCBuildConfiguration;
			buildSettings = {
				CODE_SIGN_IDENTITY = "iPhone Developer";
				DEFINES_MODULE = YES;
				DYLIB_COMPATIBILITY_VERSION = 1;
				DYLIB_CURRENT_VERSION = 1;
				DYLIB_INSTALL_NAME_BASE = "@rpath";
				INFOPLIST_FILE = APJSONMapping/Info.plist;
				INSTALL_PATH = "$(LOCAL_LIBRARY_DIR)/Frameworks";
				IPHONEOS_DEPLOYMENT_TARGET = 7.0;
				LD_RUNPATH_SEARCH_PATHS = "$(inherited) @executable_path/Frameworks @loader_path/Frameworks";
				PRODUCT_BUNDLE_IDENTIFIER = ru.perechnev.APJSONMapping;
				PRODUCT_NAME = "$(TARGET_NAME)";
				SKIP_INSTALL = YES;
			};
			name = Debug;
		};
		32920D9E1C23427500AE7EC4 /* Release */ = {
			isa = XCBuildConfiguration;
			buildSettings = {
				CODE_SIGN_IDENTITY = "iPhone Developer";
				DEFINES_MODULE = YES;
				DYLIB_COMPATIBILITY_VERSION = 1;
				DYLIB_CURRENT_VERSION = 1;
				DYLIB_INSTALL_NAME_BASE = "@rpath";
				INFOPLIST_FILE = APJSONMapping/Info.plist;
				INSTALL_PATH = "$(LOCAL_LIBRARY_DIR)/Frameworks";
				IPHONEOS_DEPLOYMENT_TARGET = 7.0;
				LD_RUNPATH_SEARCH_PATHS = "$(inherited) @executable_path/Frameworks @loader_path/Frameworks";
				PRODUCT_BUNDLE_IDENTIFIER = ru.perechnev.APJSONMapping;
				PRODUCT_NAME = "$(TARGET_NAME)";
				SKIP_INSTALL = YES;
			};
			name = Release;
		};
		32920DA01C23427500AE7EC4 /* Debug */ = {
			isa = XCBuildConfiguration;
			buildSettings = {
				FRAMEWORK_SEARCH_PATHS = "";
				INFOPLIST_FILE = APJSONMappingTests/Info.plist;
				LD_RUNPATH_SEARCH_PATHS = "$(inherited) @executable_path/Frameworks @loader_path/Frameworks";
				PLIST_FILE_OUTPUT_FORMAT = binary;
				PRODUCT_BUNDLE_IDENTIFIER = ru.perechnev.APJSONMappingTests;
				PRODUCT_NAME = "$(TARGET_NAME)";
				STRINGS_FILE_OUTPUT_ENCODING = binary;
			};
			name = Debug;
		};
		32920DA11C23427500AE7EC4 /* Release */ = {
			isa = XCBuildConfiguration;
			buildSettings = {
				FRAMEWORK_SEARCH_PATHS = "";
				INFOPLIST_FILE = APJSONMappingTests/Info.plist;
				LD_RUNPATH_SEARCH_PATHS = "$(inherited) @executable_path/Frameworks @loader_path/Frameworks";
				PLIST_FILE_OUTPUT_FORMAT = binary;
				PRODUCT_BUNDLE_IDENTIFIER = ru.perechnev.APJSONMappingTests;
				PRODUCT_NAME = "$(TARGET_NAME)";
				STRINGS_FILE_OUTPUT_ENCODING = binary;
			};
			name = Release;
		};
/* End XCBuildConfiguration section */

/* Begin XCConfigurationList section */
		32920D821C23427500AE7EC4 /* Build configuration list for PBXProject "APJSONMapping" */ = {
			isa = XCConfigurationList;
			buildConfigurations = (
				32920D9A1C23427500AE7EC4 /* Debug */,
				32920D9B1C23427500AE7EC4 /* Release */,
			);
			defaultConfigurationIsVisible = 0;
			defaultConfigurationName = Release;
		};
		32920D9C1C23427500AE7EC4 /* Build configuration list for PBXNativeTarget "APJSONMapping" */ = {
			isa = XCConfigurationList;
			buildConfigurations = (
				32920D9D1C23427500AE7EC4 /* Debug */,
				32920D9E1C23427500AE7EC4 /* Release */,
			);
			defaultConfigurationIsVisible = 0;
		};
		32920D9F1C23427500AE7EC4 /* Build configuration list for PBXNativeTarget "APJSONMappingTests" */ = {
			isa = XCConfigurationList;
			buildConfigurations = (
				32920DA01C23427500AE7EC4 /* Debug */,
				32920DA11C23427500AE7EC4 /* Release */,
			);
			defaultConfigurationIsVisible = 0;
		};
/* End XCConfigurationList section */
	};
	rootObject = 32920D7F1C23427500AE7EC4 /* Project object */;
}
